
Microsoft Visual Studio Solution File, Format Version 12.00
# Visual Studio Version 16
VisualStudioVersion = 16.0.31205.134
MinimumVisualStudioVersion = 10.0.40219.1
Project("{9A19103F-16F7-4668-BE54-9A1E7A4F7556}") = "CsharpDllSample", "CsharpDllSample\CsharpDllSample.csproj", "{7C88263B-D5A6-4969-B33E-5906847E597E}"
EndProject
Project("{FAE04EC0-301F-11D3-BF4B-00C04F79EFBC}") = "CsharpLibrary", "CsharpLibrary\CsharpLibrary.csproj", "{FA4ABF6D-BAC9-479F-9881-8FE292DF4299}"
EndProject
Project("{FAE04EC0-301F-11D3-BF4B-00C04F79EFBC}") = "CsharpDllTestSample", "CsharpDllTestSample\CsharpDllTestSample.csproj", "{F6593D2E-1415-476A-8EB0-57FEDEEC2341}"
EndProject
Global
	GlobalSection(SolutionConfigurationPlatforms) = preSolution
		Debug|Any CPU = Debug|Any CPU
		Release|Any CPU = Release|Any CPU
	EndGlobalSection
	GlobalSection(ProjectConfigurationPlatforms) = postSolution
		{7C88263B-D5A6-4969-B33E-5906847E597E}.Debug|Any CPU.ActiveCfg = Debug|Any CPU
		{7C88263B-D5A6-4969-B33E-5906847E597E}.Debug|Any CPU.Build.0 = Debug|Any CPU
		{7C88263B-D5A6-4969-B33E-5906847E597E}.Release|Any CPU.ActiveCfg = Release|Any CPU
		{7C88263B-D5A6-4969-B33E-5906847E597E}.Release|Any CPU.Build.0 = Release|Any CPU
		{FA4ABF6D-BAC9-479F-9881-8FE292DF4299}.Debug|Any CPU.ActiveCfg = Debug|Any CPU
		{FA4ABF6D-BAC9-479F-9881-8FE292DF4299}.Debug|Any CPU.Build.0 = Debug|Any CPU
		{FA4ABF6D-BAC9-479F-9881-8FE292DF4299}.Release|Any CPU.ActiveCfg = Release|Any CPU
		{FA4ABF6D-BAC9-479F-9881-8FE292DF4299}.Release|Any CPU.Build.0 = Release|Any CPU
		{F6593D2E-1415-476A-8EB0-57FEDEEC2341}.Debug|Any CPU.ActiveCfg = Debug|Any CPU
		{F6593D2E-1415-476A-8EB0-57FEDEEC2341}.Debug|Any CPU.Build.0 = Debug|Any CPU
		{F6593D2E-1415-476A-8EB0-57FEDEEC2341}.Release|Any CPU.ActiveCfg = Release|Any CPU
		{F6593D2E-1415-476A-8EB0-57FEDEEC2341}.Release|Any CPU.Build.0 = Release|Any CPU
	EndGlobalSection
	GlobalSection(SolutionProperties) = preSolution
		HideSolutionNode = FALSE
	EndGlobalSection
	GlobalSection(ExtensibilityGlobals) = postSolution
		SolutionGuid = {996A4BD6-6EBD-4ADE-AB14-8080D82D94F5}
	EndGlobalSection
EndGlobal
